
Microsoft Visual Studio Solution File, Format Version 12.00
# Visual Studio Version 17
VisualStudioVersion = 17.9.34723.18
MinimumVisualStudioVersion = 10.0.40219.1
Project("{FAE04EC0-301F-11D3-BF4B-00C04F79EFBC}") = "CardDeckStorage.ConsoleUI", "CardDeckStorage.ConsoleUI\CardDeckStorage.ConsoleUI.csproj", "{CAB9DFA8-DBD9-4DF2-8E5C-71371E4F36BA}"
EndProject
Project("{FAE04EC0-301F-11D3-BF4B-00C04F79EFBC}") = "CardDeckStorage.StorageMemory", "CardDeckStorage.StorageMemory\CardDeckStorage.StorageMemory.csproj", "{132C7C31-4FD3-4642-85C3-C6D9B01B38E6}"
EndProject
Project("{FAE04EC0-301F-11D3-BF4B-00C04F79EFBC}") = "CardDeckStorage.Common", "CardDeckStorage.Common\CardDeckStorage.Common.csproj", "{D1DF93CE-53F8-4F60-A7EB-EC6090911721}"
EndProject
Global
	GlobalSection(SolutionConfigurationPlatforms) = preSolution
		Debug|Any CPU = Debug|Any CPU
		Release|Any CPU = Release|Any CPU
	EndGlobalSection
	GlobalSection(ProjectConfigurationPlatforms) = postSolution
		{CAB9DFA8-DBD9-4DF2-8E5C-71371E4F36BA}.Debug|Any CPU.ActiveCfg = Debug|Any CPU
		{CAB9DFA8-DBD9-4DF2-8E5C-71371E4F36BA}.Debug|Any CPU.Build.0 = Debug|Any CPU
		{CAB9DFA8-DBD9-4DF2-8E5C-71371E4F36BA}.Release|Any CPU.ActiveCfg = Release|Any CPU
		{CAB9DFA8-DBD9-4DF2-8E5C-71371E4F36BA}.Release|Any CPU.Build.0 = Release|Any CPU
		{132C7C31-4FD3-4642-85C3-C6D9B01B38E6}.Debug|Any CPU.ActiveCfg = Debug|Any CPU
		{132C7C31-4FD3-4642-85C3-C6D9B01B38E6}.Debug|Any CPU.Build.0 = Debug|Any CPU
		{132C7C31-4FD3-4642-85C3-C6D9B01B38E6}.Release|Any CPU.ActiveCfg = Release|Any CPU
		{132C7C31-4FD3-4642-85C3-C6D9B01B38E6}.Release|Any CPU.Build.0 = Release|Any CPU
		{D1DF93CE-53F8-4F60-A7EB-EC6090911721}.Debug|Any CPU.ActiveCfg = Debug|Any CPU
		{D1DF93CE-53F8-4F60-A7EB-EC6090911721}.Debug|Any CPU.Build.0 = Debug|Any CPU
		{D1DF93CE-53F8-4F60-A7EB-EC6090911721}.Release|Any CPU.ActiveCfg = Release|Any CPU
		{D1DF93CE-53F8-4F60-A7EB-EC6090911721}.Release|Any CPU.Build.0 = Release|Any CPU
	EndGlobalSection
	GlobalSection(SolutionProperties) = preSolution
		HideSolutionNode = FALSE
	EndGlobalSection
	GlobalSection(ExtensibilityGlobals) = postSolution
		SolutionGuid = {5B781DC6-7924-4A61-B153-CE6038F72D0C}
	EndGlobalSection
EndGlobal
